# THIS IS AN AUTOGENERATED FILE. DO NOT EDIT THIS FILE DIRECTLY.
# yarn lockfile v1


newton-raphson-method@^1.0.0:
  version "1.0.2"
  resolved "https://registry.yarnpkg.com/newton-raphson-method/-/newton-raphson-method-1.0.2.tgz#0a95c6ad86edc696aca7e1787cd8da034a4262b0"
  integrity sha512-UoBJJxNVVQhviRvled1bL76IjmPls4dNLPeF661FW2eNrv/pKKfRDpOdlN+vo9XamZvj8OMt/KtjOBTFN6I0gw==

xirr@^1.1.0:
  version "1.1.0"
  resolved "https://registry.yarnpkg.com/xirr/-/xirr-1.1.0.tgz#a9cbcff354091fc7a0a73f1570ab4c69c6f96872"
  integrity sha512-Ivl/gbn5rCkJqig0B+40GQyk1Rqjo0SMW7pTnplV+VG7zlXEzJ6SYdukYmjejCWFY1TGerqPbdwenR0LK5yAWw==
  dependencies:
    newton-raphson-method "^1.0.0"
